
Microsoft Visual Studio Solution File, Format Version 12.00
# Visual Studio Version 17
VisualStudioVersion = 17.9.34714.143
MinimumVisualStudioVersion = 10.0.40219.1
Project("{9A19103F-16F7-4668-BE54-9A1E7A4F7556}") = "Authenticator", "MFA\Authenticator.csproj", "{F5DF6C37-A5DE-479B-92B0-0C54536AB631}"
EndProject
Global
	GlobalSection(SolutionConfigurationPlatforms) = preSolution
		Debug|Any CPU = Debug|Any CPU
		Release|Any CPU = Release|Any CPU
	EndGlobalSection
	GlobalSection(ProjectConfigurationPlatforms) = postSolution
		{F5DF6C37-A5DE-479B-92B0-0C54536AB631}.Debug|Any CPU.ActiveCfg = Debug|Any CPU
		{F5DF6C37-A5DE-479B-92B0-0C54536AB631}.Debug|Any CPU.Build.0 = Debug|Any CPU
		{F5DF6C37-A5DE-479B-92B0-0C54536AB631}.Release|Any CPU.ActiveCfg = Release|Any CPU
		{F5DF6C37-A5DE-479B-92B0-0C54536AB631}.Release|Any CPU.Build.0 = Release|Any CPU
	EndGlobalSection
	GlobalSection(SolutionProperties) = preSolution
		HideSolutionNode = FALSE
	EndGlobalSection
	GlobalSection(ExtensibilityGlobals) = postSolution
		SolutionGuid = {35535A69-C311-4FD3-995D-D562860A8BA3}
	EndGlobalSection
EndGlobal
